// !$*UTF8*$!
{
	archiveVersion = 1;
	classes = {
	};
	objectVersion = 50;
	objects = {

/* Begin PBXBuildFile section */
		09A139A22179B98F004C7231 /* AppDelegate.swift in Sources */ = {isa = PBXBuildFile; fileRef = 09A139A12179B98F004C7231 /* AppDelegate.swift */; };
		09A139A42179B98F004C7231 /* ViewController.swift in Sources */ = {isa = PBXBuildFile; fileRef = 09A139A32179B98F004C7231 /* ViewController.swift */; };
		09A139A72179B98F004C7231 /* Main.storyboard in Resources */ = {isa = PBXBuildFile; fileRef = 09A139A52179B98F004C7231 /* Main.storyboard */; };
		09A139A92179B990004C7231 /* Assets.xcassets in Resources */ = {isa = PBXBuildFile; fileRef = 09A139A82179B990004C7231 /* Assets.xcassets */; };
		09A139AC2179B990004C7231 /* LaunchScreen.storyboard in Resources */ = {isa = PBXBuildFile; fileRef = 09A139AA2179B990004C7231 /* LaunchScreen.storyboard */; };
		09A139B42179C636004C7231 /* ExpandDataModel.swift in Sources */ = {isa = PBXBuildFile; fileRef = 09A139B32179C636004C7231 /* ExpandDataModel.swift */; };
/* End PBXBuildFile section */

/* Begin PBXFileReference section */
		09A1399E2179B98F004C7231 /* ExpandableCell.app */ = {isa = PBXFileReference; explicitFileType = wrapper.application; includeInIndex = 0; path = ExpandableCell.app; sourceTree = BUILT_PRODUCTS_DIR; };
		09A139A12179B98F004C7231 /* AppDelegate.swift */ = {isa = PBXFileReference; lastKnownFileType = sourcecode.swift; path = AppDelegate.swift; sourceTree = "<group>"; };
		09A139A32179B98F004C7231 /* ViewController.swift */ = {isa = PBXFileReference; lastKnownFileType = sourcecode.swift; path = ViewController.swift; sourceTree = "<group>"; };
		09A139A62179B98F004C7231 /* Base */ = {isa = PBXFileReference; lastKnownFileType = file.storyboard; name = Base; path = Base.lproj/Main.storyboard; sourceTree = "<group>"; };
		09A139A82179B990004C7231 /* Assets.xcassets */ = {isa = PBXFileReference; lastKnownFileType = folder.assetcatalog; path = Assets.xcassets; sourceTree = "<group>"; };
		09A139AB2179B990004C7231 /* Base */ = {isa = PBXFileReference; lastKnownFileType = file.storyboard; name = Base; path = Base.lproj/LaunchScreen.storyboard; sourceTree = "<group>"; };
		09A139AD2179B990004C7231 /* Info.plist */ = {isa = PBXFileReference; lastKnownFileType = text.plist.xml; path = Info.plist; sourceTree = "<group>"; };
		09A139B32179C636004C7231 /* ExpandDataModel.swift */ = {isa = PBXFileReference; lastKnownFileType = sourcecode.swift; path = ExpandDataModel.swift; sourceTree = "<group>"; };
/* End PBXFileReference section */

/* Begin PBXFrameworksBuildPhase section */
		09A1399B2179B98F004C7231 /* Frameworks */ = {
			isa = PBXFrameworksBuildPhase;
			buildActionMask = 2147483647;
			files = (
			);
			runOnlyForDeploymentPostprocessing = 0;
		};
/* End PBXFrameworksBuildPhase section */

/* Begin PBXGroup section */
		09A139952179B98F004C7231 = {
			isa = PBXGroup;
			children = (
				09A139A02179B98F004C7231 /* ExpandableCell */,
				09A1399F2179B98F004C7231 /* Products */,
			);
			sourceTree = "<group>";
		};
		09A1399F2179B98F004C7231 /* Products */ = {
			isa = PBXGroup;
			children = (
				09A1399E2179B98F004C7231 /* ExpandableCell.app */,
			);
			name = Products;
			sourceTree = "<group>";
		};
		09A139A02179B98F004C7231 /* ExpandableCell */ = {
			isa = PBXGroup;
			children = (
				09A139A12179B98F004C7231 /* AppDelegate.swift */,
				09A139A32179B98F004C7231 /* ViewController.swift */,
				09A139A52179B98F004C7231 /* Main.storyboard */,
				09A139A82179B990004C7231 /* Assets.xcassets */,
				09A139AA2179B990004C7231 /* LaunchScreen.storyboard */,
				09A139AD2179B990004C7231 /* Info.plist */,
				09A139B32179C636004C7231 /* ExpandDataModel.swift */,
			);
			path = ExpandableCell;
			sourceTree = "<group>";
		};
/* End PBXGroup section */

/* Begin PBXNativeTarget section */
		09A1399D2179B98F004C7231 /* ExpandableCell */ = {
			isa = PBXNativeTarget;
			buildConfigurationList = 09A139B02179B990004C7231 /* Build configuration list for PBXNativeTarget "ExpandableCell" */;
			buildPhases = (
				09A1399A2179B98F004C7231 /* Sources */,
				09A1399B2179B98F004C7231 /* Frameworks */,
				09A1399C2179B98F004C7231 /* Resources */,
			);
			buildRules = (
			);
			dependencies = (
			);
			name = ExpandableCell;
			productName = ExpandableCell;
			productReference = 09A1399E2179B98F004C7231 /* ExpandableCell.app */;
			productType = "com.apple.product-type.application";
		};
/* End PBXNativeTarget section */

/* Begin PBXProject section */
		09A139962179B98F004C7231 /* Project object */ = {
			isa = PBXProject;
			attributes = {
				LastSwiftUpdateCheck = 0940;
				LastUpgradeCheck = 0940;
				ORGANIZATIONNAME = "Mohammd Moein Abdi";
				TargetAttributes = {
					09A1399D2179B98F004C7231 = {
						CreatedOnToolsVersion = 9.4.1;
					};
				};
			};
			buildConfigurationList = 09A139992179B98F004C7231 /* Build configuration list for PBXProject "ExpandableCell" */;
			compatibilityVersion = "Xcode 9.3";
			developmentRegion = en;
			hasScannedForEncodings = 0;
			knownRegions = (
				en,
				Base,
			);
			mainGroup = 09A139952179B98F004C7231;
			productRefGroup = 09A1399F2179B98F004C7231 /* Products */;
			projectDirPath = "";
			projectRoot = "";
			targets = (
				09A1399D2179B98F004C7231 /* ExpandableCell */,
			);
		};
/* End PBXProject section */

/* Begin PBXResourcesBuildPhase section */
		09A1399C2179B98F004C7231 /* Resources */ = {
			isa = PBXResourcesBuildPhase;
			buildActionMask = 2147483647;
			files = (
				09A139AC2179B990004C7231 /* LaunchScreen.storyboard in Resources */,
				09A139A92179B990004C7231 /* Assets.xcassets in Resources */,
				09A139A72179B98F004C7231 /* Main.storyboard in Resources */,
			);
			runOnlyForDeploymentPostprocessing = 0;
		};
/* End PBXResourcesBuildPhase section */

/* Begin PBXSourcesBuildPhase section */
		09A1399A2179B98F004C7231 /* Sources */ = {
			isa = PBXSourcesBuildPhase;
			buildActionMask = 2147483647;
			files = (
				09A139B42179C636004C7231 /* ExpandDataModel.swift in Sources */,
				09A139A42179B98F004C7231 /* ViewController.swift in Sources */,
				09A139A22179B98F004C7231 /* AppDelegate.swift in Sources */,
			);
			runOnlyForDeploymentPostprocessing = 0;
		};
/* End PBXSourcesBuildPhase section */

/* Begin PBXVariantGroup section */
		09A139A52179B98F004C7231 /* Main.storyboard */ = {
			isa = PBXVariantGroup;
			children = (
				09A139A62179B98F004C7231 /* Base */,
			);
			name = Main.storyboard;
			sourceTree = "<group>";
		};
		09A139AA2179B990004C7231 /* LaunchScreen.storyboard */ = {
			isa = PBXVariantGroup;
			children = (
				09A139AB2179B990004C7231 /* Base */,
			);
			name = LaunchScreen.storyboard;
			sourceTree = "<group>";
		};
/* End PBXVariantGroup section */

/* Begin XCBuildConfiguration section */
		09A139AE2179B990004C7231 /* Debug */ = {
			isa = XCBuildConfiguration;
			buildSettings = {
				ALWAYS_SEARCH_USER_PATHS = NO;
				CLANG_ANALYZER_NONNULL = YES;
				CLANG_ANALYZER_NUMBER_OBJECT_CONVERSION = YES_AGGRESSIVE;
				CLANG_CXX_LANGUAGE_STANDARD = "gnu++14";
				CLANG_CXX_LIBRARY = "libc++";
				CLANG_ENABLE_MODULES = YES;
				CLANG_ENABLE_OBJC_ARC = YES;
				CLANG_ENABLE_OBJC_WEAK = YES;
				CLANG_WARN_BLOCK_CAPTURE_AUTORELEASING = YES;
				CLANG_WARN_BOOL_CONVERSION = YES;
				CLANG_WARN_COMMA = YES;
				CLANG_WARN_CONSTANT_CONVERSION = YES;
				CLANG_WARN_DEPRECATED_OBJC_IMPLEMENTATIONS = YES;
				CLANG_WARN_DIRECT_OBJC_ISA_USAGE = YES_ERROR;
				CLANG_WARN_DOCUMENTATION_COMMENTS = YES;
				CLANG_WARN_EMPTY_BODY = YES;
				CLANG_WARN_ENUM_CONVERSION = YES;
				CLANG_WARN_INFINITE_RECURSION = YES;
				CLANG_WARN_INT_CONVERSION = YES;
				CLANG_WARN_NON_LITERAL_NULL_CONVERSION = YES;
				CLANG_WARN_OBJC_IMPLICIT_RETAIN_SELF = YES;
				CLANG_WARN_OBJC_LITERAL_CONVERSION = YES;
				CLANG_WARN_OBJC_ROOT_CLASS = YES_ERROR;
				CLANG_WARN_RANGE_LOOP_ANALYSIS = YES;
				CLANG_WARN_STRICT_PROTOTYPES = YES;
				CLANG_WARN_SUSPICIOUS_MOVE = YES;
				CLANG_WARN_UNGUARDED_AVAILABILITY = YES_AGGRESSIVE;
				CLANG_WARN_UNREACHABLE_CODE = YES;
				CLANG_WARN__DUPLICATE_METHOD_MATCH = YES;
				CODE_SIGN_IDENTITY = "iPhone Developer";
				COPY_PHASE_STRIP = NO;
				DEBUG_INFORMATION_FORMAT = dwarf;
				ENABLE_STRICT_OBJC_MSGSEND = YES;
				ENABLE_TESTABILITY = YES;
				GCC_C_LANGUAGE_STANDARD = gnu11;
				GCC_DYNAMIC_NO_PIC = NO;
				GCC_NO_COMMON_BLOCKS = YES;
				GCC_OPTIMIZATION_LEVEL = 0;
				GCC_PREPROCESSOR_DEFINITIONS = (
					"DEBUG=1",
					"$(inherited)",
				);
				GCC_WARN_64_TO_32_BIT_CONVERSION = YES;
				GCC_WARN_ABOUT_RETURN_TYPE = YES_ERROR;
				GCC_WARN_UNDECLARED_SELECTOR = YES;
				GCC_WARN_UNINITIALIZED_AUTOS = YES_AGGRESSIVE;
				GCC_WARN_UNUSED_FUNCTION = YES;
				GCC_WARN_UNUSED_VARIABLE = YES;
				IPHONEOS_DEPLOYMENT_TARGET = 11.4;
				MTL_ENABLE_DEBUG_INFO = YES;
				ONLY_ACTIVE_ARCH = YES;
				SDKROOT = iphoneos;
				SWIFT_ACTIVE_COMPILATION_CONDITIONS = DEBUG;
				SWIFT_OPTIMIZATION_LEVEL = "-Onone";
			};
			name = Debug;
		};
		09A139AF2179B990004C7231 /* Release */ = {
			isa = XCBuildConfiguration;
			buildSettings = {
				ALWAYS_SEARCH_USER_PATHS = NO;
				CLANG_ANALYZER_NONNULL = YES;
				CLANG_ANALYZER_NUMBER_OBJECT_CONVERSION = YES_AGGRESSIVE;
				CLANG_CXX_LANGUAGE_STANDARD = "gnu++14";
				CLANG_CXX_LIBRARY = "libc++";
				CLANG_ENABLE_MODULES = YES;
				CLANG_ENABLE_OBJC_ARC = YES;
				CLANG_ENABLE_OBJC_WEAK = YES;
				CLANG_WARN_BLOCK_CAPTURE_AUTORELEASING = YES;
				CLANG_WARN_BOOL_CONVERSION = YES;
				CLANG_WARN_COMMA = YES;
				CLANG_WARN_CONSTANT_CONVERSION = YES;
				CLANG_WARN_DEPRECATED_OBJC_IMPLEMENTATIONS = YES;
				CLANG_WARN_DIRECT_OBJC_ISA_USAGE = YES_ERROR;
				CLANG_WARN_DOCUMENTATION_COMMENTS = YES;
				CLANG_WARN_EMPTY_BODY = YES;
				CLANG_WARN_ENUM_CONVERSION = YES;
				CLANG_WARN_INFINITE_RECURSION = YES;
				CLANG_WARN_INT_CONVERSION = YES;
				CLANG_WARN_NON_LITERAL_NULL_CONVERSION = YES;
				CLANG_WARN_OBJC_IMPLICIT_RETAIN_SELF = YES;
				CLANG_WARN_OBJC_LITERAL_CONVERSION = YES;
				CLANG_WARN_OBJC_ROOT_CLASS = YES_ERROR;
				CLANG_WARN_RANGE_LOOP_ANALYSIS = YES;
				CLANG_WARN_STRICT_PROTOTYPES = YES;
				CLANG_WARN_SUSPICIOUS_MOVE = YES;
				CLANG_WARN_UNGUARDED_AVAILABILITY = YES_AGGRESSIVE;
				CLANG_WARN_UNREACHABLE_CODE = YES;
				CLANG_WARN__DUPLICATE_METHOD_MATCH = YES;
				CODE_SIGN_IDENTITY = "iPhone Developer";
				COPY_PHASE_STRIP = NO;
				DEBUG_INFORMATION_FORMAT = "dwarf-with-dsym";
				ENABLE_NS_ASSERTIONS = NO;
				ENABLE_STRICT_OBJC_MSGSEND = YES;
				GCC_C_LANGUAGE_STANDARD = gnu11;
				GCC_NO_COMMON_BLOCKS = YES;
				GCC_WARN_64_TO_32_BIT_CONVERSION = YES;
				GCC_WARN_ABOUT_RETURN_TYPE = YES_ERROR;
				GCC_WARN_UNDECLARED_SELECTOR = YES;
				GCC_WARN_UNINITIALIZED_AUTOS = YES_AGGRESSIVE;
				GCC_WARN_UNUSED_FUNCTION = YES;
				GCC_WARN_UNUSED_VARIABLE = YES;
				IPHONEOS_DEPLOYMENT_TARGET = 11.4;
				MTL_ENABLE_DEBUG_INFO = NO;
				SDKROOT = iphoneos;
				SWIFT_COMPILATION_MODE = wholemodule;
				SWIFT_OPTIMIZATION_LEVEL = "-O";
				VALIDATE_PRODUCT = YES;
			};
			name = Release;
		};
		09A139B12179B990004C7231 /* Debug */ = {
			isa = XCBuildConfiguration;
			buildSettings = {
				ASSETCATALOG_COMPILER_APPICON_NAME = AppIcon;
				CODE_SIGN_STYLE = Automatic;
				DEVELOPMENT_TEAM = HKTVUBKM4M;
				INFOPLIST_FILE = ExpandableCell/Info.plist;
				LD_RUNPATH_SEARCH_PATHS = (
					"$(inherited)",
					"@executable_path/Frameworks",
				);
				PRODUCT_BUNDLE_IDENTIFIER = MoeinDeveloper.ExpandableCell;
				PRODUCT_NAME = "$(TARGET_NAME)";
				SWIFT_VERSION = 4.0;
				TARGETED_DEVICE_FAMILY = "1,2";
			};
			name = Debug;
		};
		09A139B22179B990004C7231 /* Release */ = {
			isa = XCBuildConfiguration;
			buildSettings = {
				ASSETCATALOG_COMPILER_APPICON_NAME = AppIcon;
				CODE_SIGN_STYLE = Automatic;
				DEVELOPMENT_TEAM = HKTVUBKM4M;
				INFOPLIST_FILE = ExpandableCell/Info.plist;
				LD_RUNPATH_SEARCH_PATHS = (
					"$(inherited)",
					"@executable_path/Frameworks",
				);
				PRODUCT_BUNDLE_IDENTIFIER = MoeinDeveloper.ExpandableCell;
				PRODUCT_NAME = "$(TARGET_NAME)";
				SWIFT_VERSION = 4.0;
				TARGETED_DEVICE_FAMILY = "1,2";
			};
			name = Release;
		};
/* End XCBuildConfiguration section */

/* Begin XCConfigurationList section */
		09A139992179B98F004C7231 /* Build configuration list for PBXProject "ExpandableCell" */ = {
			isa = XCConfigurationList;
			buildConfigurations = (
				09A139AE2179B990004C7231 /* Debug */,
				09A139AF2179B990004C7231 /* Release */,
			);
			defaultConfigurationIsVisible = 0;
			defaultConfigurationName = Release;
		};
		09A139B02179B990004C7231 /* Build configuration list for PBXNativeTarget "ExpandableCell" */ = {
			isa = XCConfigurationList;
			buildConfigurations = (
				09A139B12179B990004C7231 /* Debug */,
				09A139B22179B990004C7231 /* Release */,
			);
			defaultConfigurationIsVisible = 0;
			defaultConfigurationName = Release;
		};
/* End XCConfigurationList section */
	};
	rootObject = 09A139962179B98F004C7231 /* Project object */;
}
